
Microsoft Visual Studio Solution File, Format Version 12.00
# Visual Studio Version 17
VisualStudioVersion = 17.11.35219.272
MinimumVisualStudioVersion = 10.0.40219.1
Project("{FAE04EC0-301F-11D3-BF4B-00C04F79EFBC}") = "ITIApp", "ITIApp\ITIApp.csproj", "{42908CFC-ADEA-459C-A07D-463116EA6873}"
EndProject
Global
	GlobalSection(SolutionConfigurationPlatforms) = preSolution
		Debug|Any CPU = Debug|Any CPU
		Release|Any CPU = Release|Any CPU
	EndGlobalSection
	GlobalSection(ProjectConfigurationPlatforms) = postSolution
		{42908CFC-ADEA-459C-A07D-463116EA6873}.Debug|Any CPU.ActiveCfg = Debug|Any CPU
		{42908CFC-ADEA-459C-A07D-463116EA6873}.Debug|Any CPU.Build.0 = Debug|Any CPU
		{42908CFC-ADEA-459C-A07D-463116EA6873}.Release|Any CPU.ActiveCfg = Release|Any CPU
		{42908CFC-ADEA-459C-A07D-463116EA6873}.Release|Any CPU.Build.0 = Release|Any CPU
	EndGlobalSection
	GlobalSection(SolutionProperties) = preSolution
		HideSolutionNode = FALSE
	EndGlobalSection
	GlobalSection(ExtensibilityGlobals) = postSolution
		SolutionGuid = {990CF682-903D-4200-A709-E469185005C2}
	EndGlobalSection
EndGlobal
